
Microsoft Visual Studio Solution File, Format Version 9.00
# Visual Studio 2005
Project("{8BC9CEB8-8B4A-11D0-8D11-00A0C91BC942}") = "gm_ex", "gm\gm.vcproj", "{8C9CC332-D582-453A-AF10-20B100857587}"
EndProject
Project("{8BC9CEB8-8B4A-11D0-8D11-00A0C91BC942}") = "gme", "gme\gme.vcproj", "{491CFDF5-B202-4FAD-B47E-810376C9DF27}"
	ProjectSection(ProjectDependencies) = postProject
		{8C9CC332-D582-453A-AF10-20B100857587} = {8C9CC332-D582-453A-AF10-20B100857587}
	EndProjectSection
EndProject
Project("{8BC9CEB8-8B4A-11D0-8D11-00A0C91BC942}") = "gml", "gml\gml.vcproj", "{5478A397-2EE5-45CE-BE46-665C630518F4}"
	ProjectSection(ProjectDependencies) = postProject
		{8C9CC332-D582-453A-AF10-20B100857587} = {8C9CC332-D582-453A-AF10-20B100857587}
	EndProjectSection
EndProject
Project("{8BC9CEB8-8B4A-11D0-8D11-00A0C91BC942}") = "gmRealtimeGL", "gmRealtimeGL\gmRealtimeGL.vcproj", "{DD14489F-304F-4E4D-B6BD-0089699B5098}"
	ProjectSection(ProjectDependencies) = postProject
		{8C9CC332-D582-453A-AF10-20B100857587} = {8C9CC332-D582-453A-AF10-20B100857587}
	EndProjectSection
EndProject
Project("{8BC9CEB8-8B4A-11D0-8D11-00A0C91BC942}") = "gmconsole", "gmconsole\gmconsole.vcproj", "{FA41B26B-92EE-4E0A-AF97-B622A1B4439A}"
	ProjectSection(ProjectDependencies) = postProject
		{8C9CC332-D582-453A-AF10-20B100857587} = {8C9CC332-D582-453A-AF10-20B100857587}
	EndProjectSection
EndProject
Global
	GlobalSection(SolutionConfigurationPlatforms) = preSolution
		Debug|Win32 = Debug|Win32
		Release|Win32 = Release|Win32
	EndGlobalSection
	GlobalSection(ProjectConfigurationPlatforms) = postSolution
		{8C9CC332-D582-453A-AF10-20B100857587}.Debug|Win32.ActiveCfg = Debug|Win32
		{8C9CC332-D582-453A-AF10-20B100857587}.Debug|Win32.Build.0 = Debug|Win32
		{8C9CC332-D582-453A-AF10-20B100857587}.Release|Win32.ActiveCfg = Release|Win32
		{8C9CC332-D582-453A-AF10-20B100857587}.Release|Win32.Build.0 = Release|Win32
		{491CFDF5-B202-4FAD-B47E-810376C9DF27}.Debug|Win32.ActiveCfg = Debug|Win32
		{491CFDF5-B202-4FAD-B47E-810376C9DF27}.Debug|Win32.Build.0 = Debug|Win32
		{491CFDF5-B202-4FAD-B47E-810376C9DF27}.Release|Win32.ActiveCfg = Release|Win32
		{491CFDF5-B202-4FAD-B47E-810376C9DF27}.Release|Win32.Build.0 = Release|Win32
		{5478A397-2EE5-45CE-BE46-665C630518F4}.Debug|Win32.ActiveCfg = Debug|Win32
		{5478A397-2EE5-45CE-BE46-665C630518F4}.Debug|Win32.Build.0 = Debug|Win32
		{5478A397-2EE5-45CE-BE46-665C630518F4}.Release|Win32.ActiveCfg = Release|Win32
		{5478A397-2EE5-45CE-BE46-665C630518F4}.Release|Win32.Build.0 = Release|Win32
		{DD14489F-304F-4E4D-B6BD-0089699B5098}.Debug|Win32.ActiveCfg = Debug|Win32
		{DD14489F-304F-4E4D-B6BD-0089699B5098}.Debug|Win32.Build.0 = Debug|Win32
		{DD14489F-304F-4E4D-B6BD-0089699B5098}.Release|Win32.ActiveCfg = Release|Win32
		{DD14489F-304F-4E4D-B6BD-0089699B5098}.Release|Win32.Build.0 = Release|Win32
		{FA41B26B-92EE-4E0A-AF97-B622A1B4439A}.Debug|Win32.ActiveCfg = Debug|Win32
		{FA41B26B-92EE-4E0A-AF97-B622A1B4439A}.Debug|Win32.Build.0 = Debug|Win32
		{FA41B26B-92EE-4E0A-AF97-B622A1B4439A}.Release|Win32.ActiveCfg = Release|Win32
		{FA41B26B-92EE-4E0A-AF97-B622A1B4439A}.Release|Win32.Build.0 = Release|Win32
	EndGlobalSection
	GlobalSection(SolutionProperties) = preSolution
		HideSolutionNode = FALSE
	EndGlobalSection
EndGlobal
